
Microsoft Visual Studio Solution File, Format Version 12.00
# Visual Studio Version 17
VisualStudioVersion = 17.5.002.0
MinimumVisualStudioVersion = 10.0.40219.1
Project("{2150E333-8FDC-42A3-9474-1A3956D46DE8}") = "src", "src", "{B97564B4-979C-4C32-BD9F-3C5EAABAA4C1}"
EndProject
Project("{9A19103F-16F7-4668-BE54-9A1E7A4F7556}") = "IronDeficiency", "src\IronDeficiency\IronDeficiency.csproj", "{4C82DF3D-8BDE-4A8E-9690-B1D6CCB45F53}"
EndProject
Global
	GlobalSection(SolutionConfigurationPlatforms) = preSolution
		Debug|Any CPU = Debug|Any CPU
		Release|Any CPU = Release|Any CPU
	EndGlobalSection
	GlobalSection(ProjectConfigurationPlatforms) = postSolution
		{4C82DF3D-8BDE-4A8E-9690-B1D6CCB45F53}.Debug|Any CPU.ActiveCfg = Debug|Any CPU
		{4C82DF3D-8BDE-4A8E-9690-B1D6CCB45F53}.Debug|Any CPU.Build.0 = Debug|Any CPU
		{4C82DF3D-8BDE-4A8E-9690-B1D6CCB45F53}.Release|Any CPU.ActiveCfg = Release|Any CPU
		{4C82DF3D-8BDE-4A8E-9690-B1D6CCB45F53}.Release|Any CPU.Build.0 = Release|Any CPU
	EndGlobalSection
	GlobalSection(SolutionProperties) = preSolution
		HideSolutionNode = FALSE
	EndGlobalSection
	GlobalSection(NestedProjects) = preSolution
		{4C82DF3D-8BDE-4A8E-9690-B1D6CCB45F53} = {B97564B4-979C-4C32-BD9F-3C5EAABAA4C1}
	EndGlobalSection
	GlobalSection(ExtensibilityGlobals) = postSolution
		SolutionGuid = {92F6D475-68F0-44D6-A1AF-A28F5948E381}
	EndGlobalSection
EndGlobal
